
Microsoft Visual Studio Solution File, Format Version 12.00
# Visual Studio Version 17
VisualStudioVersion = 17.7.34024.191
MinimumVisualStudioVersion = 10.0.40219.1
Project("{FAE04EC0-301F-11D3-BF4B-00C04F79EFBC}") = "ConsoleU1", "ConsoleU1.csproj", "{A68D0563-E569-4FFE-9453-E0E45E04F2BD}"
EndProject
Global
	GlobalSection(SolutionConfigurationPlatforms) = preSolution
		Debug|Any CPU = Debug|Any CPU
		Release|Any CPU = Release|Any CPU
	EndGlobalSection
	GlobalSection(ProjectConfigurationPlatforms) = postSolution
		{A68D0563-E569-4FFE-9453-E0E45E04F2BD}.Debug|Any CPU.ActiveCfg = Debug|Any CPU
		{A68D0563-E569-4FFE-9453-E0E45E04F2BD}.Debug|Any CPU.Build.0 = Debug|Any CPU
		{A68D0563-E569-4FFE-9453-E0E45E04F2BD}.Release|Any CPU.ActiveCfg = Release|Any CPU
		{A68D0563-E569-4FFE-9453-E0E45E04F2BD}.Release|Any CPU.Build.0 = Release|Any CPU
	EndGlobalSection
	GlobalSection(SolutionProperties) = preSolution
		HideSolutionNode = FALSE
	EndGlobalSection
	GlobalSection(ExtensibilityGlobals) = postSolution
		SolutionGuid = {1A1AB2B4-D180-4B77-840D-5168DCC3C475}
	EndGlobalSection
EndGlobal
